
Microsoft Visual Studio Solution File, Format Version 12.00
# Visual Studio 15
VisualStudioVersion = 15.0.28010.2041
MinimumVisualStudioVersion = 10.0.40219.1
Project("{FAE04EC0-301F-11D3-BF4B-00C04F79EFBC}") = "WeatherForecastData", "WeatherForecastData\WeatherForecastData.csproj", "{9C6FC4D3-D990-41EA-8F8C-EC44929B1D83}"
EndProject
Project("{FAE04EC0-301F-11D3-BF4B-00C04F79EFBC}") = "WeatherForecastData.Tests", "WeatherForecastData.Tests\WeatherForecastData.Tests.csproj", "{15CF5515-4DAD-49B1-84BA-837DF5FADED5}"
EndProject
Global
	GlobalSection(SolutionConfigurationPlatforms) = preSolution
		Debug|Any CPU = Debug|Any CPU
		Release|Any CPU = Release|Any CPU
	EndGlobalSection
	GlobalSection(ProjectConfigurationPlatforms) = postSolution
		{9C6FC4D3-D990-41EA-8F8C-EC44929B1D83}.Debug|Any CPU.ActiveCfg = Debug|Any CPU
		{9C6FC4D3-D990-41EA-8F8C-EC44929B1D83}.Debug|Any CPU.Build.0 = Debug|Any CPU
		{9C6FC4D3-D990-41EA-8F8C-EC44929B1D83}.Release|Any CPU.ActiveCfg = Release|Any CPU
		{9C6FC4D3-D990-41EA-8F8C-EC44929B1D83}.Release|Any CPU.Build.0 = Release|Any CPU
		{15CF5515-4DAD-49B1-84BA-837DF5FADED5}.Debug|Any CPU.ActiveCfg = Debug|Any CPU
		{15CF5515-4DAD-49B1-84BA-837DF5FADED5}.Debug|Any CPU.Build.0 = Debug|Any CPU
		{15CF5515-4DAD-49B1-84BA-837DF5FADED5}.Release|Any CPU.ActiveCfg = Release|Any CPU
		{15CF5515-4DAD-49B1-84BA-837DF5FADED5}.Release|Any CPU.Build.0 = Release|Any CPU
	EndGlobalSection
	GlobalSection(SolutionProperties) = preSolution
		HideSolutionNode = FALSE
	EndGlobalSection
	GlobalSection(ExtensibilityGlobals) = postSolution
		SolutionGuid = {296DC77B-B6F1-4837-84F7-29ED32229BE0}
	EndGlobalSection
EndGlobal
